
Microsoft Visual Studio Solution File, Format Version 12.00
# Visual Studio 15
VisualStudioVersion = 15.0.28307.136
MinimumVisualStudioVersion = 10.0.40219.1
Project("{FAE04EC0-301F-11D3-BF4B-00C04F79EFBC}") = "ConsoleApp1", "ConsoleApp1\ConsoleApp1.csproj", "{BCA4F801-DBA7-4705-ACEE-BC39906D91AA}"
EndProject
Global
	GlobalSection(SolutionConfigurationPlatforms) = preSolution
		Debug|Any CPU = Debug|Any CPU
		Release|Any CPU = Release|Any CPU
	EndGlobalSection
	GlobalSection(ProjectConfigurationPlatforms) = postSolution
		{BCA4F801-DBA7-4705-ACEE-BC39906D91AA}.Debug|Any CPU.ActiveCfg = Debug|Any CPU
		{BCA4F801-DBA7-4705-ACEE-BC39906D91AA}.Debug|Any CPU.Build.0 = Debug|Any CPU
		{BCA4F801-DBA7-4705-ACEE-BC39906D91AA}.Release|Any CPU.ActiveCfg = Release|Any CPU
		{BCA4F801-DBA7-4705-ACEE-BC39906D91AA}.Release|Any CPU.Build.0 = Release|Any CPU
	EndGlobalSection
	GlobalSection(SolutionProperties) = preSolution
		HideSolutionNode = FALSE
	EndGlobalSection
	GlobalSection(ExtensibilityGlobals) = postSolution
		SolutionGuid = {2E987D6E-810D-4284-A857-5836DEF33E26}
	EndGlobalSection
EndGlobal
